// !$*UTF8*$!
{
	archiveVersion = 1;
	classes = {
	};
	objectVersion = 50;
	objects = {

/* Begin PBXBuildFile section */
		C6C8EC6021FB9DF100DA9B4F /* AppDelegate.swift in Sources */ = {isa = PBXBuildFile; fileRef = C6C8EC5F21FB9DF100DA9B4F /* AppDelegate.swift */; };
		C6C8EC6721FB9DF200DA9B4F /* Assets.xcassets in Resources */ = {isa = PBXBuildFile; fileRef = C6C8EC6621FB9DF200DA9B4F /* Assets.xcassets */; };
		C6C8EC6A21FB9DF200DA9B4F /* LaunchScreen.storyboard in Resources */ = {isa = PBXBuildFile; fileRef = C6C8EC6821FB9DF200DA9B4F /* LaunchScreen.storyboard */; };
		C6C8EC7221FB9E4600DA9B4F /* MainViewController.swift in Sources */ = {isa = PBXBuildFile; fileRef = C6C8EC7121FB9E4600DA9B4F /* MainViewController.swift */; };
		C6C8EC7421FB9EB700DA9B4F /* MainView.swift in Sources */ = {isa = PBXBuildFile; fileRef = C6C8EC7321FB9EB700DA9B4F /* MainView.swift */; };
		C6C8EC7621FB9ECD00DA9B4F /* DetailViewController.swift in Sources */ = {isa = PBXBuildFile; fileRef = C6C8EC7521FB9ECD00DA9B4F /* DetailViewController.swift */; };
		C6C8EC7821FB9EE600DA9B4F /* DetailView.swift in Sources */ = {isa = PBXBuildFile; fileRef = C6C8EC7721FB9EE600DA9B4F /* DetailView.swift */; };
/* End PBXBuildFile section */

/* Begin PBXFileReference section */
		C6C8EC5C21FB9DF100DA9B4F /* subclassingProject.app */ = {isa = PBXFileReference; explicitFileType = wrapper.application; includeInIndex = 0; path = subclassingProject.app; sourceTree = BUILT_PRODUCTS_DIR; };
		C6C8EC5F21FB9DF100DA9B4F /* AppDelegate.swift */ = {isa = PBXFileReference; lastKnownFileType = sourcecode.swift; path = AppDelegate.swift; sourceTree = "<group>"; };
		C6C8EC6621FB9DF200DA9B4F /* Assets.xcassets */ = {isa = PBXFileReference; lastKnownFileType = folder.assetcatalog; path = Assets.xcassets; sourceTree = "<group>"; };
		C6C8EC6921FB9DF200DA9B4F /* Base */ = {isa = PBXFileReference; lastKnownFileType = file.storyboard; name = Base; path = Base.lproj/LaunchScreen.storyboard; sourceTree = "<group>"; };
		C6C8EC6B21FB9DF200DA9B4F /* Info.plist */ = {isa = PBXFileReference; lastKnownFileType = text.plist.xml; path = Info.plist; sourceTree = "<group>"; };
		C6C8EC7121FB9E4600DA9B4F /* MainViewController.swift */ = {isa = PBXFileReference; lastKnownFileType = sourcecode.swift; path = MainViewController.swift; sourceTree = "<group>"; };
		C6C8EC7321FB9EB700DA9B4F /* MainView.swift */ = {isa = PBXFileReference; lastKnownFileType = sourcecode.swift; path = MainView.swift; sourceTree = "<group>"; };
		C6C8EC7521FB9ECD00DA9B4F /* DetailViewController.swift */ = {isa = PBXFileReference; lastKnownFileType = sourcecode.swift; path = DetailViewController.swift; sourceTree = "<group>"; };
		C6C8EC7721FB9EE600DA9B4F /* DetailView.swift */ = {isa = PBXFileReference; lastKnownFileType = sourcecode.swift; path = DetailView.swift; sourceTree = "<group>"; };
/* End PBXFileReference section */

/* Begin PBXFrameworksBuildPhase section */
		C6C8EC5921FB9DF100DA9B4F /* Frameworks */ = {
			isa = PBXFrameworksBuildPhase;
			buildActionMask = 2147483647;
			files = (
			);
			runOnlyForDeploymentPostprocessing = 0;
		};
/* End PBXFrameworksBuildPhase section */

/* Begin PBXGroup section */
		C6C8EC5321FB9DF100DA9B4F = {
			isa = PBXGroup;
			children = (
				C6C8EC7121FB9E4600DA9B4F /* MainViewController.swift */,
				C6C8EC7321FB9EB700DA9B4F /* MainView.swift */,
				C6C8EC7521FB9ECD00DA9B4F /* DetailViewController.swift */,
				C6C8EC7721FB9EE600DA9B4F /* DetailView.swift */,
				C6C8EC5E21FB9DF100DA9B4F /* subclassingProject */,
				C6C8EC5D21FB9DF100DA9B4F /* Products */,
			);
			sourceTree = "<group>";
		};
		C6C8EC5D21FB9DF100DA9B4F /* Products */ = {
			isa = PBXGroup;
			children = (
				C6C8EC5C21FB9DF100DA9B4F /* subclassingProject.app */,
			);
			name = Products;
			sourceTree = "<group>";
		};
		C6C8EC5E21FB9DF100DA9B4F /* subclassingProject */ = {
			isa = PBXGroup;
			children = (
				C6C8EC5F21FB9DF100DA9B4F /* AppDelegate.swift */,
				C6C8EC6621FB9DF200DA9B4F /* Assets.xcassets */,
				C6C8EC6821FB9DF200DA9B4F /* LaunchScreen.storyboard */,
				C6C8EC6B21FB9DF200DA9B4F /* Info.plist */,
			);
			path = subclassingProject;
			sourceTree = "<group>";
		};
/* End PBXGroup section */

/* Begin PBXNativeTarget section */
		C6C8EC5B21FB9DF100DA9B4F /* subclassingProject */ = {
			isa = PBXNativeTarget;
			buildConfigurationList = C6C8EC6E21FB9DF200DA9B4F /* Build configuration list for PBXNativeTarget "subclassingProject" */;
			buildPhases = (
				C6C8EC5821FB9DF100DA9B4F /* Sources */,
				C6C8EC5921FB9DF100DA9B4F /* Frameworks */,
				C6C8EC5A21FB9DF100DA9B4F /* Resources */,
			);
			buildRules = (
			);
			dependencies = (
			);
			name = subclassingProject;
			productName = subclassingProject;
			productReference = C6C8EC5C21FB9DF100DA9B4F /* subclassingProject.app */;
			productType = "com.apple.product-type.application";
		};
/* End PBXNativeTarget section */

/* Begin PBXProject section */
		C6C8EC5421FB9DF100DA9B4F /* Project object */ = {
			isa = PBXProject;
			attributes = {
				LastSwiftUpdateCheck = 1010;
				LastUpgradeCheck = 1010;
				ORGANIZATIONNAME = Pursuit;
				TargetAttributes = {
					C6C8EC5B21FB9DF100DA9B4F = {
						CreatedOnToolsVersion = 10.1;
					};
				};
			};
			buildConfigurationList = C6C8EC5721FB9DF100DA9B4F /* Build configuration list for PBXProject "subclassingProject" */;
			compatibilityVersion = "Xcode 9.3";
			developmentRegion = en;
			hasScannedForEncodings = 0;
			knownRegions = (
				en,
				Base,
			);
			mainGroup = C6C8EC5321FB9DF100DA9B4F;
			productRefGroup = C6C8EC5D21FB9DF100DA9B4F /* Products */;
			projectDirPath = "";
			projectRoot = "";
			targets = (
				C6C8EC5B21FB9DF100DA9B4F /* subclassingProject */,
			);
		};
/* End PBXProject section */

/* Begin PBXResourcesBuildPhase section */
		C6C8EC5A21FB9DF100DA9B4F /* Resources */ = {
			isa = PBXResourcesBuildPhase;
			buildActionMask = 2147483647;
			files = (
				C6C8EC6A21FB9DF200DA9B4F /* LaunchScreen.storyboard in Resources */,
				C6C8EC6721FB9DF200DA9B4F /* Assets.xcassets in Resources */,
			);
			runOnlyForDeploymentPostprocessing = 0;
		};
/* End PBXResourcesBuildPhase section */

/* Begin PBXSourcesBuildPhase section */
		C6C8EC5821FB9DF100DA9B4F /* Sources */ = {
			isa = PBXSourcesBuildPhase;
			buildActionMask = 2147483647;
			files = (
				C6C8EC6021FB9DF100DA9B4F /* AppDelegate.swift in Sources */,
				C6C8EC7421FB9EB700DA9B4F /* MainView.swift in Sources */,
				C6C8EC7221FB9E4600DA9B4F /* MainViewController.swift in Sources */,
				C6C8EC7821FB9EE600DA9B4F /* DetailView.swift in Sources */,
				C6C8EC7621FB9ECD00DA9B4F /* DetailViewController.swift in Sources */,
			);
			runOnlyForDeploymentPostprocessing = 0;
		};
/* End PBXSourcesBuildPhase section */

/* Begin PBXVariantGroup section */
		C6C8EC6821FB9DF200DA9B4F /* LaunchScreen.storyboard */ = {
			isa = PBXVariantGroup;
			children = (
				C6C8EC6921FB9DF200DA9B4F /* Base */,
			);
			name = LaunchScreen.storyboard;
			sourceTree = "<group>";
		};
/* End PBXVariantGroup section */

/* Begin XCBuildConfiguration section */
		C6C8EC6C21FB9DF200DA9B4F /* Debug */ = {
			isa = XCBuildConfiguration;
			buildSettings = {
				ALWAYS_SEARCH_USER_PATHS = NO;
				CLANG_ANALYZER_NONNULL = YES;
				CLANG_ANALYZER_NUMBER_OBJECT_CONVERSION = YES_AGGRESSIVE;
				CLANG_CXX_LANGUAGE_STANDARD = "gnu++14";
				CLANG_CXX_LIBRARY = "libc++";
				CLANG_ENABLE_MODULES = YES;
				CLANG_ENABLE_OBJC_ARC = YES;
				CLANG_ENABLE_OBJC_WEAK = YES;
				CLANG_WARN_BLOCK_CAPTURE_AUTORELEASING = YES;
				CLANG_WARN_BOOL_CONVERSION = YES;
				CLANG_WARN_COMMA = YES;
				CLANG_WARN_CONSTANT_CONVERSION = YES;
				CLANG_WARN_DEPRECATED_OBJC_IMPLEMENTATIONS = YES;
				CLANG_WARN_DIRECT_OBJC_ISA_USAGE = YES_ERROR;
				CLANG_WARN_DOCUMENTATION_COMMENTS = YES;
				CLANG_WARN_EMPTY_BODY = YES;
				CLANG_WARN_ENUM_CONVERSION = YES;
				CLANG_WARN_INFINITE_RECURSION = YES;
				CLANG_WARN_INT_CONVERSION = YES;
				CLANG_WARN_NON_LITERAL_NULL_CONVERSION = YES;
				CLANG_WARN_OBJC_IMPLICIT_RETAIN_SELF = YES;
				CLANG_WARN_OBJC_LITERAL_CONVERSION = YES;
				CLANG_WARN_OBJC_ROOT_CLASS = YES_ERROR;
				CLANG_WARN_RANGE_LOOP_ANALYSIS = YES;
				CLANG_WARN_STRICT_PROTOTYPES = YES;
				CLANG_WARN_SUSPICIOUS_MOVE = YES;
				CLANG_WARN_UNGUARDED_AVAILABILITY = YES_AGGRESSIVE;
				CLANG_WARN_UNREACHABLE_CODE = YES;
				CLANG_WARN__DUPLICATE_METHOD_MATCH = YES;
				CODE_SIGN_IDENTITY = "iPhone Developer";
				COPY_PHASE_STRIP = NO;
				DEBUG_INFORMATION_FORMAT = dwarf;
				ENABLE_STRICT_OBJC_MSGSEND = YES;
				ENABLE_TESTABILITY = YES;
				GCC_C_LANGUAGE_STANDARD = gnu11;
				GCC_DYNAMIC_NO_PIC = NO;
				GCC_NO_COMMON_BLOCKS = YES;
				GCC_OPTIMIZATION_LEVEL = 0;
				GCC_PREPROCESSOR_DEFINITIONS = (
					"DEBUG=1",
					"$(inherited)",
				);
				GCC_WARN_64_TO_32_BIT_CONVERSION = YES;
				GCC_WARN_ABOUT_RETURN_TYPE = YES_ERROR;
				GCC_WARN_UNDECLARED_SELECTOR = YES;
				GCC_WARN_UNINITIALIZED_AUTOS = YES_AGGRESSIVE;
				GCC_WARN_UNUSED_FUNCTION = YES;
				GCC_WARN_UNUSED_VARIABLE = YES;
				IPHONEOS_DEPLOYMENT_TARGET = 12.1;
				MTL_ENABLE_DEBUG_INFO = INCLUDE_SOURCE;
				MTL_FAST_MATH = YES;
				ONLY_ACTIVE_ARCH = YES;
				SDKROOT = iphoneos;
				SWIFT_ACTIVE_COMPILATION_CONDITIONS = DEBUG;
				SWIFT_OPTIMIZATION_LEVEL = "-Onone";
			};
			name = Debug;
		};
		C6C8EC6D21FB9DF200DA9B4F /* Release */ = {
			isa = XCBuildConfiguration;
			buildSettings = {
				ALWAYS_SEARCH_USER_PATHS = NO;
				CLANG_ANALYZER_NONNULL = YES;
				CLANG_ANALYZER_NUMBER_OBJECT_CONVERSION = YES_AGGRESSIVE;
				CLANG_CXX_LANGUAGE_STANDARD = "gnu++14";
				CLANG_CXX_LIBRARY = "libc++";
				CLANG_ENABLE_MODULES = YES;
				CLANG_ENABLE_OBJC_ARC = YES;
				CLANG_ENABLE_OBJC_WEAK = YES;
				CLANG_WARN_BLOCK_CAPTURE_AUTORELEASING = YES;
				CLANG_WARN_BOOL_CONVERSION = YES;
				CLANG_WARN_COMMA = YES;
				CLANG_WARN_CONSTANT_CONVERSION = YES;
				CLANG_WARN_DEPRECATED_OBJC_IMPLEMENTATIONS = YES;
				CLANG_WARN_DIRECT_OBJC_ISA_USAGE = YES_ERROR;
				CLANG_WARN_DOCUMENTATION_COMMENTS = YES;
				CLANG_WARN_EMPTY_BODY = YES;
				CLANG_WARN_ENUM_CONVERSION = YES;
				CLANG_WARN_INFINITE_RECURSION = YES;
				CLANG_WARN_INT_CONVERSION = YES;
				CLANG_WARN_NON_LITERAL_NULL_CONVERSION = YES;
				CLANG_WARN_OBJC_IMPLICIT_RETAIN_SELF = YES;
				CLANG_WARN_OBJC_LITERAL_CONVERSION = YES;
				CLANG_WARN_OBJC_ROOT_CLASS = YES_ERROR;
				CLANG_WARN_RANGE_LOOP_ANALYSIS = YES;
				CLANG_WARN_STRICT_PROTOTYPES = YES;
				CLANG_WARN_SUSPICIOUS_MOVE = YES;
				CLANG_WARN_UNGUARDED_AVAILABILITY = YES_AGGRESSIVE;
				CLANG_WARN_UNREACHABLE_CODE = YES;
				CLANG_WARN__DUPLICATE_METHOD_MATCH = YES;
				CODE_SIGN_IDENTITY = "iPhone Developer";
				COPY_PHASE_STRIP = NO;
				DEBUG_INFORMATION_FORMAT = "dwarf-with-dsym";
				ENABLE_NS_ASSERTIONS = NO;
				ENABLE_STRICT_OBJC_MSGSEND = YES;
				GCC_C_LANGUAGE_STANDARD = gnu11;
				GCC_NO_COMMON_BLOCKS = YES;
				GCC_WARN_64_TO_32_BIT_CONVERSION = YES;
				GCC_WARN_ABOUT_RETURN_TYPE = YES_ERROR;
				GCC_WARN_UNDECLARED_SELECTOR = YES;
				GCC_WARN_UNINITIALIZED_AUTOS = YES_AGGRESSIVE;
				GCC_WARN_UNUSED_FUNCTION = YES;
				GCC_WARN_UNUSED_VARIABLE = YES;
				IPHONEOS_DEPLOYMENT_TARGET = 12.1;
				MTL_ENABLE_DEBUG_INFO = NO;
				MTL_FAST_MATH = YES;
				SDKROOT = iphoneos;
				SWIFT_COMPILATION_MODE = wholemodule;
				SWIFT_OPTIMIZATION_LEVEL = "-O";
				VALIDATE_PRODUCT = YES;
			};
			name = Release;
		};
		C6C8EC6F21FB9DF200DA9B4F /* Debug */ = {
			isa = XCBuildConfiguration;
			buildSettings = {
				ASSETCATALOG_COMPILER_APPICON_NAME = AppIcon;
				CODE_SIGN_STYLE = Automatic;
				DEVELOPMENT_TEAM = 27KQ4G2M79;
				INFOPLIST_FILE = subclassingProject/Info.plist;
				LD_RUNPATH_SEARCH_PATHS = (
					"$(inherited)",
					"@executable_path/Frameworks",
				);
				PRODUCT_BUNDLE_IDENTIFIER = org.Pursuit.subclassingProject;
				PRODUCT_NAME = "$(TARGET_NAME)";
				SWIFT_VERSION = 4.2;
				TARGETED_DEVICE_FAMILY = "1,2";
			};
			name = Debug;
		};
		C6C8EC7021FB9DF200DA9B4F /* Release */ = {
			isa = XCBuildConfiguration;
			buildSettings = {
				ASSETCATALOG_COMPILER_APPICON_NAME = AppIcon;
				CODE_SIGN_STYLE = Automatic;
				DEVELOPMENT_TEAM = 27KQ4G2M79;
				INFOPLIST_FILE = subclassingProject/Info.plist;
				LD_RUNPATH_SEARCH_PATHS = (
					"$(inherited)",
					"@executable_path/Frameworks",
				);
				PRODUCT_BUNDLE_IDENTIFIER = org.Pursuit.subclassingProject;
				PRODUCT_NAME = "$(TARGET_NAME)";
				SWIFT_VERSION = 4.2;
				TARGETED_DEVICE_FAMILY = "1,2";
			};
			name = Release;
		};
/* End XCBuildConfiguration section */

/* Begin XCConfigurationList section */
		C6C8EC5721FB9DF100DA9B4F /* Build configuration list for PBXProject "subclassingProject" */ = {
			isa = XCConfigurationList;
			buildConfigurations = (
				C6C8EC6C21FB9DF200DA9B4F /* Debug */,
				C6C8EC6D21FB9DF200DA9B4F /* Release */,
			);
			defaultConfigurationIsVisible = 0;
			defaultConfigurationName = Release;
		};
		C6C8EC6E21FB9DF200DA9B4F /* Build configuration list for PBXNativeTarget "subclassingProject" */ = {
			isa = XCConfigurationList;
			buildConfigurations = (
				C6C8EC6F21FB9DF200DA9B4F /* Debug */,
				C6C8EC7021FB9DF200DA9B4F /* Release */,
			);
			defaultConfigurationIsVisible = 0;
			defaultConfigurationName = Release;
		};
/* End XCConfigurationList section */
	};
	rootObject = C6C8EC5421FB9DF100DA9B4F /* Project object */;
}
